{
  "version": 4,
  "terraform_version": "1.9.2",
  "serial": 3,
  "lineage": "99be0491-a000-f91f-2f09-0525886fc28b",
  "outputs": {},
  "resources": [
    {
      "mode": "managed",
      "type": "google_project_iam_member",
      "name": "owner",
      "provider": "provider[\"registry.terraform.io/hashicorp/google\"]",
      "instances": [
        {
          "schema_version": 0,
          "attributes": {
            "condition": [],
            "etag": "BwYp8jTlP00=",
            "id": "test-project-373118/roles/owner/serviceAccount:terraform@wip-project-melanmeg.iam.gserviceaccount.com",
            "member": "serviceAccount:terraform@wip-project-melanmeg.iam.gserviceaccount.com",
            "project": "test-project-373118",
            "role": "roles/owner"
          },
          "sensitive_attributes": [],
          "private": "bnVsbA=="
        }
      ]
    }
  ],
  "check_results": null
}
