{
  "version": 4,
  "terraform_version": "1.9.2",
  "serial": 6,
  "lineage": "028f77a1-03f7-a1a1-3d92-55659eda9480",
  "outputs": {},
  "resources": [
    {
      "mode": "managed",
      "type": "google_service_account_iam_member",
      "name": "owner",
      "provider": "provider[\"registry.terraform.io/hashicorp/google\"]",
      "instances": [
        {
          "schema_version": 0,
          "attributes": {
            "condition": [],
            "etag": "BwYp8KNFhyw=",
            "id": "projects/wip-project-melanmeg/serviceAccounts/terraform@wip-project-melanmeg.iam.gserviceaccount.com/roles/owner/principalSet://iam.googleapis.com/projects/502820203034/locations/global/workloadIdentityPools/github-pool/attribute.repository/melanmeg/my-workload-identity",
            "member": "principalSet://iam.googleapis.com/projects/502820203034/locations/global/workloadIdentityPools/github-pool/attribute.repository/melanmeg/my-workload-identity",
            "role": "roles/owner",
            "service_account_id": "projects/wip-project-melanmeg/serviceAccounts/terraform@wip-project-melanmeg.iam.gserviceaccount.com"
          },
          "sensitive_attributes": [],
          "private": "bnVsbA=="
        }
      ]
    }
  ],
  "check_results": null
}
