{
  "version": 4,
  "terraform_version": "1.9.2",
  "serial": 13,
  "lineage": "028f77a1-03f7-a1a1-3d92-55659eda9480",
  "outputs": {},
  "resources": [
    {
      "mode": "managed",
      "type": "google_service_account_iam_member",
      "name": "owner",
      "provider": "provider[\"registry.terraform.io/hashicorp/google\"]",
      "instances": [
        {
          "schema_version": 0,
          "attributes": {
            "condition": [],
            "etag": "BwYp8LP6o7k=",
            "id": "projects/wip-project-melanmeg/serviceAccounts/terraform@wip-project-melanmeg.iam.gserviceaccount.com/roles/owner/principalSet://iam.googleapis.com/projects/502820203034/locations/global/workloadIdentityPools/github-pool/attribute.repository/melanmeg/my-workload-identity",
            "member": "principalSet://iam.googleapis.com/projects/502820203034/locations/global/workloadIdentityPools/github-pool/attribute.repository/melanmeg/my-workload-identity",
            "role": "roles/owner",
            "service_account_id": "projects/wip-project-melanmeg/serviceAccounts/terraform@wip-project-melanmeg.iam.gserviceaccount.com"
          },
          "sensitive_attributes": [],
          "private": "bnVsbA=="
        }
      ]
    },
    {
      "mode": "managed",
      "type": "google_storage_bucket",
      "name": "example",
      "provider": "provider[\"registry.terraform.io/hashicorp/google\"]",
      "instances": [
        {
          "schema_version": 3,
          "attributes": {
            "autoclass": [],
            "cors": [],
            "custom_placement_config": [],
            "default_event_based_hold": false,
            "effective_labels": {
              "goog-terraform-provisioned": "true"
            },
            "enable_object_retention": false,
            "encryption": [],
            "force_destroy": true,
            "id": "tfstate-bucket-melanmeg-my-1",
            "labels": null,
            "lifecycle_rule": [],
            "location": "US",
            "logging": [],
            "name": "tfstate-bucket-melanmeg-my-1",
            "project": "my-project-melanmeg",
            "project_number": 877597915446,
            "public_access_prevention": "inherited",
            "requester_pays": false,
            "retention_policy": [],
            "rpo": "DEFAULT",
            "self_link": "https://www.googleapis.com/storage/v1/b/tfstate-bucket-melanmeg-my-1",
            "soft_delete_policy": [
              {
                "effective_time": "2024-12-23T14:24:09.155Z",
                "retention_duration_seconds": 604800
              }
            ],
            "storage_class": "STANDARD",
            "terraform_labels": {
              "goog-terraform-provisioned": "true"
            },
            "timeouts": null,
            "uniform_bucket_level_access": true,
            "url": "gs://tfstate-bucket-melanmeg-my-1",
            "versioning": [],
            "website": []
          },
          "sensitive_attributes": [],
          "private": "eyJlMmJmYjczMC1lY2FhLTExZTYtOGY4OC0zNDM2M2JjN2M0YzAiOnsiY3JlYXRlIjo2MDAwMDAwMDAwMDAsInJlYWQiOjI0MDAwMDAwMDAwMCwidXBkYXRlIjoyNDAwMDAwMDAwMDB9LCJzY2hlbWFfdmVyc2lvbiI6IjMifQ=="
        }
      ]
    }
  ],
  "check_results": null
}
