{
  "version": 4,
  "terraform_version": "1.9.2",
  "serial": 35,
  "lineage": "028f77a1-03f7-a1a1-3d92-55659eda9480",
  "outputs": {},
  "resources": [
    {
      "mode": "managed",
      "type": "google_service_account",
      "name": "github",
      "provider": "provider[\"registry.terraform.io/hashicorp/google\"]",
      "instances": [
        {
          "schema_version": 0,
          "attributes": {
            "account_id": "terraform",
            "create_ignore_already_exists": null,
            "description": "",
            "disabled": false,
            "display_name": "",
            "email": "terraform@my-project-melanmeg.iam.gserviceaccount.com",
            "id": "projects/my-project-melanmeg/serviceAccounts/terraform@my-project-melanmeg.iam.gserviceaccount.com",
            "member": "serviceAccount:terraform@my-project-melanmeg.iam.gserviceaccount.com",
            "name": "projects/my-project-melanmeg/serviceAccounts/terraform@my-project-melanmeg.iam.gserviceaccount.com",
            "project": "my-project-melanmeg",
            "timeouts": null,
            "unique_id": "104348234778331113318"
          },
          "sensitive_attributes": [],
          "private": "eyJlMmJmYjczMC1lY2FhLTExZTYtOGY4OC0zNDM2M2JjN2M0YzAiOnsiY3JlYXRlIjozMDAwMDAwMDAwMDB9fQ=="
        }
      ]
    }
  ],
  "check_results": null
}
